
Microsoft Visual Studio Solution File, Format Version 12.00
# Visual Studio Version 16
VisualStudioVersion = 16.0.29519.87
MinimumVisualStudioVersion = 10.0.40219.1
Project("{FAE04EC0-301F-11D3-BF4B-00C04F79EFBC}") = "CodingSeb.Mvvm", "CodingSeb.Mvvm\CodingSeb.Mvvm.csproj", "{33FDB76C-1929-49CF-98D2-AF115E4667EF}"
EndProject
Global
	GlobalSection(SolutionConfigurationPlatforms) = preSolution
		Debug|Any CPU = Debug|Any CPU
		Release|Any CPU = Release|Any CPU
	EndGlobalSection
	GlobalSection(ProjectConfigurationPlatforms) = postSolution
		{33FDB76C-1929-49CF-98D2-AF115E4667EF}.Debug|Any CPU.ActiveCfg = Debug|Any CPU
		{33FDB76C-1929-49CF-98D2-AF115E4667EF}.Debug|Any CPU.Build.0 = Debug|Any CPU
		{33FDB76C-1929-49CF-98D2-AF115E4667EF}.Release|Any CPU.ActiveCfg = Release|Any CPU
		{33FDB76C-1929-49CF-98D2-AF115E4667EF}.Release|Any CPU.Build.0 = Release|Any CPU
	EndGlobalSection
	GlobalSection(SolutionProperties) = preSolution
		HideSolutionNode = FALSE
	EndGlobalSection
	GlobalSection(ExtensibilityGlobals) = postSolution
		SolutionGuid = {A07113DA-7DF4-4DE7-ABC2-1BEFAFA618AD}
	EndGlobalSection
EndGlobal
